// !$*UTF8*$!
{
	archiveVersion = 1;
	classes = {
	};
	objectVersion = 77;
	objects = {

/* Begin PBXBuildFile section */
		DC4AC5F62DD349EB00097450 /* FirebaseAnalyticsOnDeviceConversion in Frameworks */ = {isa = PBXBuildFile; productRef = DC4AC5F52DD349EB00097450 /* FirebaseAnalyticsOnDeviceConversion */; };
		DC4AC5F82DD349EB00097450 /* FirebaseAnalyticsWithoutAdIdSupport in Frameworks */ = {isa = PBXBuildFile; productRef = DC4AC5F72DD349EB00097450 /* FirebaseAnalyticsWithoutAdIdSupport */; };
		DC4AC5FA2DD349EB00097450 /* FirebaseAppCheck in Frameworks */ = {isa = PBXBuildFile; productRef = DC4AC5F92DD349EB00097450 /* FirebaseAppCheck */; };
		DC4AC5FC2DD349EB00097450 /* FirebaseAppDistribution-Beta in Frameworks */ = {isa = PBXBuildFile; productRef = DC4AC5FB2DD349EB00097450 /* FirebaseAppDistribution-Beta */; };
		DC4AC5FE2DD349EB00097450 /* FirebaseAuth in Frameworks */ = {isa = PBXBuildFile; productRef = DC4AC5FD2DD349EB00097450 /* FirebaseAuth */; };
		DC4AC6002DD349EB00097450 /* FirebaseAuthCombine-Community in Frameworks */ = {isa = PBXBuildFile; productRef = DC4AC5FF2DD349EB00097450 /* FirebaseAuthCombine-Community */; };
		DC4AC6022DD349EB00097450 /* FirebaseCore in Frameworks */ = {isa = PBXBuildFile; productRef = DC4AC6012DD349EB00097450 /* FirebaseCore */; };
		DC4AC6042DD349EB00097450 /* FirebaseCrashlytics in Frameworks */ = {isa = PBXBuildFile; productRef = DC4AC6032DD349EB00097450 /* FirebaseCrashlytics */; };
		DC4AC6062DD349EB00097450 /* FirebaseDynamicLinks in Frameworks */ = {isa = PBXBuildFile; productRef = DC4AC6052DD349EB00097450 /* FirebaseDynamicLinks */; };
		DC4AC6082DD349EB00097450 /* FirebaseFirestoreCombine-Community in Frameworks */ = {isa = PBXBuildFile; productRef = DC4AC6072DD349EB00097450 /* FirebaseFirestoreCombine-Community */; };
		DC4AC60A2DD349EB00097450 /* FirebaseFunctions in Frameworks */ = {isa = PBXBuildFile; productRef = DC4AC6092DD349EB00097450 /* FirebaseFunctions */; };
		DC4AC60C2DD349EB00097450 /* FirebaseFunctionsCombine-Community in Frameworks */ = {isa = PBXBuildFile; productRef = DC4AC60B2DD349EB00097450 /* FirebaseFunctionsCombine-Community */; };
		DC4AC60E2DD349EB00097450 /* FirebaseInAppMessaging-Beta in Frameworks */ = {isa = PBXBuildFile; productRef = DC4AC60D2DD349EB00097450 /* FirebaseInAppMessaging-Beta */; };
		DC4AC6102DD349EB00097450 /* FirebaseInstallations in Frameworks */ = {isa = PBXBuildFile; productRef = DC4AC60F2DD349EB00097450 /* FirebaseInstallations */; };
		DC4AC6122DD349EB00097450 /* FirebaseMLModelDownloader in Frameworks */ = {isa = PBXBuildFile; productRef = DC4AC6112DD349EB00097450 /* FirebaseMLModelDownloader */; };
		DC4AC6142DD349EB00097450 /* FirebaseMessaging in Frameworks */ = {isa = PBXBuildFile; productRef = DC4AC6132DD349EB00097450 /* FirebaseMessaging */; };
		DC4AC6162DD349EB00097450 /* FirebasePerformance in Frameworks */ = {isa = PBXBuildFile; productRef = DC4AC6152DD349EB00097450 /* FirebasePerformance */; };
		DC4AC6182DD349EB00097450 /* FirebaseRemoteConfig in Frameworks */ = {isa = PBXBuildFile; productRef = DC4AC6172DD349EB00097450 /* FirebaseRemoteConfig */; };
		DC4AC61A2DD349EB00097450 /* FirebaseStorageCombine-Community in Frameworks */ = {isa = PBXBuildFile; productRef = DC4AC6192DD349EB00097450 /* FirebaseStorageCombine-Community */; };
		DC4AC61C2DD349EB00097450 /* FirebaseVertexAI in Frameworks */ = {isa = PBXBuildFile; productRef = DC4AC61B2DD349EB00097450 /* FirebaseVertexAI */; };
		DC6C1DDF2DD288FA005771F2 /* FirebaseAnalytics in Frameworks */ = {isa = PBXBuildFile; productRef = DC6C1DDE2DD288FA005771F2 /* FirebaseAnalytics */; };
		DC6C1DE12DD288FA005771F2 /* FirebaseDatabase in Frameworks */ = {isa = PBXBuildFile; productRef = DC6C1DE02DD288FA005771F2 /* FirebaseDatabase */; };
		DC6C1DE32DD288FA005771F2 /* FirebaseFirestore in Frameworks */ = {isa = PBXBuildFile; productRef = DC6C1DE22DD288FA005771F2 /* FirebaseFirestore */; };
		DC6C1DE52DD288FA005771F2 /* FirebaseStorage in Frameworks */ = {isa = PBXBuildFile; productRef = DC6C1DE42DD288FA005771F2 /* FirebaseStorage */; };
/* End PBXBuildFile section */

/* Begin PBXFileReference section */
		DCC4F2932DCE052100090F84 /* Medeasy.app */ = {isa = PBXFileReference; explicitFileType = wrapper.application; includeInIndex = 0; path = Medeasy.app; sourceTree = BUILT_PRODUCTS_DIR; };
/* End PBXFileReference section */

/* Begin PBXFileSystemSynchronizedBuildFileExceptionSet section */
		DCC4F2A52DCE052200090F84 /* Exceptions for "Medeasy" folder in "Medeasy" target */ = {
			isa = PBXFileSystemSynchronizedBuildFileExceptionSet;
			membershipExceptions = (
				Info.plist,
			);
			target = DCC4F2922DCE052100090F84 /* Medeasy */;
		};
/* End PBXFileSystemSynchronizedBuildFileExceptionSet section */

/* Begin PBXFileSystemSynchronizedRootGroup section */
		DCC4F2952DCE052100090F84 /* Medeasy */ = {
			isa = PBXFileSystemSynchronizedRootGroup;
			exceptions = (
				DCC4F2A52DCE052200090F84 /* Exceptions for "Medeasy" folder in "Medeasy" target */,
			);
			path = Medeasy;
			sourceTree = "<group>";
		};
/* End PBXFileSystemSynchronizedRootGroup section */

/* Begin PBXFrameworksBuildPhase section */
		DCC4F2902DCE052100090F84 /* Frameworks */ = {
			isa = PBXFrameworksBuildPhase;
			buildActionMask = 2147483647;
			files = (
				DC6C1DE12DD288FA005771F2 /* FirebaseDatabase in Frameworks */,
				DC4AC61C2DD349EB00097450 /* FirebaseVertexAI in Frameworks */,
				DC4AC5F82DD349EB00097450 /* FirebaseAnalyticsWithoutAdIdSupport in Frameworks */,
				DC4AC6022DD349EB00097450 /* FirebaseCore in Frameworks */,
				DC4AC61A2DD349EB00097450 /* FirebaseStorageCombine-Community in Frameworks */,
				DC4AC6102DD349EB00097450 /* FirebaseInstallations in Frameworks */,
				DC6C1DE52DD288FA005771F2 /* FirebaseStorage in Frameworks */,
				DC4AC5F62DD349EB00097450 /* FirebaseAnalyticsOnDeviceConversion in Frameworks */,
				DC4AC60E2DD349EB00097450 /* FirebaseInAppMessaging-Beta in Frameworks */,
				DC4AC5FE2DD349EB00097450 /* FirebaseAuth in Frameworks */,
				DC4AC5FA2DD349EB00097450 /* FirebaseAppCheck in Frameworks */,
				DC4AC60C2DD349EB00097450 /* FirebaseFunctionsCombine-Community in Frameworks */,
				DC6C1DDF2DD288FA005771F2 /* FirebaseAnalytics in Frameworks */,
				DC4AC6182DD349EB00097450 /* FirebaseRemoteConfig in Frameworks */,
				DC6C1DE32DD288FA005771F2 /* FirebaseFirestore in Frameworks */,
				DC4AC6142DD349EB00097450 /* FirebaseMessaging in Frameworks */,
				DC4AC6122DD349EB00097450 /* FirebaseMLModelDownloader in Frameworks */,
				DC4AC6162DD349EB00097450 /* FirebasePerformance in Frameworks */,
				DC4AC6042DD349EB00097450 /* FirebaseCrashlytics in Frameworks */,
				DC4AC5FC2DD349EB00097450 /* FirebaseAppDistribution-Beta in Frameworks */,
				DC4AC6002DD349EB00097450 /* FirebaseAuthCombine-Community in Frameworks */,
				DC4AC60A2DD349EB00097450 /* FirebaseFunctions in Frameworks */,
				DC4AC6062DD349EB00097450 /* FirebaseDynamicLinks in Frameworks */,
				DC4AC6082DD349EB00097450 /* FirebaseFirestoreCombine-Community in Frameworks */,
			);
			runOnlyForDeploymentPostprocessing = 0;
		};
/* End PBXFrameworksBuildPhase section */

/* Begin PBXGroup section */
		DCC4F28A2DCE052000090F84 = {
			isa = PBXGroup;
			children = (
				DCC4F2952DCE052100090F84 /* Medeasy */,
				DCC4F2942DCE052100090F84 /* Products */,
			);
			sourceTree = "<group>";
		};
		DCC4F2942DCE052100090F84 /* Products */ = {
			isa = PBXGroup;
			children = (
				DCC4F2932DCE052100090F84 /* Medeasy.app */,
			);
			name = Products;
			sourceTree = "<group>";
		};
/* End PBXGroup section */

/* Begin PBXNativeTarget section */
		DCC4F2922DCE052100090F84 /* Medeasy */ = {
			isa = PBXNativeTarget;
			buildConfigurationList = DCC4F2A62DCE052200090F84 /* Build configuration list for PBXNativeTarget "Medeasy" */;
			buildPhases = (
				DCC4F28F2DCE052100090F84 /* Sources */,
				DCC4F2902DCE052100090F84 /* Frameworks */,
				DCC4F2912DCE052100090F84 /* Resources */,
			);
			buildRules = (
			);
			dependencies = (
			);
			fileSystemSynchronizedGroups = (
				DCC4F2952DCE052100090F84 /* Medeasy */,
			);
			name = Medeasy;
			packageProductDependencies = (
				DC6C1DDE2DD288FA005771F2 /* FirebaseAnalytics */,
				DC6C1DE02DD288FA005771F2 /* FirebaseDatabase */,
				DC6C1DE22DD288FA005771F2 /* FirebaseFirestore */,
				DC6C1DE42DD288FA005771F2 /* FirebaseStorage */,
				DC4AC5F52DD349EB00097450 /* FirebaseAnalyticsOnDeviceConversion */,
				DC4AC5F72DD349EB00097450 /* FirebaseAnalyticsWithoutAdIdSupport */,
				DC4AC5F92DD349EB00097450 /* FirebaseAppCheck */,
				DC4AC5FB2DD349EB00097450 /* FirebaseAppDistribution-Beta */,
				DC4AC5FD2DD349EB00097450 /* FirebaseAuth */,
				DC4AC5FF2DD349EB00097450 /* FirebaseAuthCombine-Community */,
				DC4AC6012DD349EB00097450 /* FirebaseCore */,
				DC4AC6032DD349EB00097450 /* FirebaseCrashlytics */,
				DC4AC6052DD349EB00097450 /* FirebaseDynamicLinks */,
				DC4AC6072DD349EB00097450 /* FirebaseFirestoreCombine-Community */,
				DC4AC6092DD349EB00097450 /* FirebaseFunctions */,
				DC4AC60B2DD349EB00097450 /* FirebaseFunctionsCombine-Community */,
				DC4AC60D2DD349EB00097450 /* FirebaseInAppMessaging-Beta */,
				DC4AC60F2DD349EB00097450 /* FirebaseInstallations */,
				DC4AC6112DD349EB00097450 /* FirebaseMLModelDownloader */,
				DC4AC6132DD349EB00097450 /* FirebaseMessaging */,
				DC4AC6152DD349EB00097450 /* FirebasePerformance */,
				DC4AC6172DD349EB00097450 /* FirebaseRemoteConfig */,
				DC4AC6192DD349EB00097450 /* FirebaseStorageCombine-Community */,
				DC4AC61B2DD349EB00097450 /* FirebaseVertexAI */,
			);
			productName = Medeasy;
			productReference = DCC4F2932DCE052100090F84 /* Medeasy.app */;
			productType = "com.apple.product-type.application";
		};
/* End PBXNativeTarget section */

/* Begin PBXProject section */
		DCC4F28B2DCE052000090F84 /* Project object */ = {
			isa = PBXProject;
			attributes = {
				BuildIndependentTargetsInParallel = 1;
				LastSwiftUpdateCheck = 1630;
				LastUpgradeCheck = 1630;
				TargetAttributes = {
					DCC4F2922DCE052100090F84 = {
						CreatedOnToolsVersion = 16.3;
					};
				};
			};
			buildConfigurationList = DCC4F28E2DCE052000090F84 /* Build configuration list for PBXProject "Medeasy" */;
			developmentRegion = en;
			hasScannedForEncodings = 0;
			knownRegions = (
				en,
				Base,
			);
			mainGroup = DCC4F28A2DCE052000090F84;
			minimizedProjectReferenceProxies = 1;
			packageReferences = (
				DC6C1DDD2DD288FA005771F2 /* XCRemoteSwiftPackageReference "firebase-ios-sdk" */,
			);
			preferredProjectObjectVersion = 77;
			productRefGroup = DCC4F2942DCE052100090F84 /* Products */;
			projectDirPath = "";
			projectRoot = "";
			targets = (
				DCC4F2922DCE052100090F84 /* Medeasy */,
			);
		};
/* End PBXProject section */

/* Begin PBXResourcesBuildPhase section */
		DCC4F2912DCE052100090F84 /* Resources */ = {
			isa = PBXResourcesBuildPhase;
			buildActionMask = 2147483647;
			files = (
			);
			runOnlyForDeploymentPostprocessing = 0;
		};
/* End PBXResourcesBuildPhase section */

/* Begin PBXSourcesBuildPhase section */
		DCC4F28F2DCE052100090F84 /* Sources */ = {
			isa = PBXSourcesBuildPhase;
			buildActionMask = 2147483647;
			files = (
			);
			runOnlyForDeploymentPostprocessing = 0;
		};
/* End PBXSourcesBuildPhase section */

/* Begin XCBuildConfiguration section */
		DCC4F2A72DCE052200090F84 /* Debug */ = {
			isa = XCBuildConfiguration;
			buildSettings = {
				ASSETCATALOG_COMPILER_APPICON_NAME = AppIcon;
				ASSETCATALOG_COMPILER_GLOBAL_ACCENT_COLOR_NAME = AccentColor;
				CODE_SIGN_STYLE = Automatic;
				CURRENT_PROJECT_VERSION = 1;
				DEVELOPMENT_TEAM = 9LV7R5X4KA;
				GENERATE_INFOPLIST_FILE = YES;
				INFOPLIST_FILE = Medeasy/Info.plist;
				INFOPLIST_KEY_UIApplicationSupportsIndirectInputEvents = YES;
				INFOPLIST_KEY_UILaunchStoryboardName = LaunchScreen;
				INFOPLIST_KEY_UIMainStoryboardFile = Main;
				INFOPLIST_KEY_UISupportedInterfaceOrientations_iPad = "UIInterfaceOrientationPortrait UIInterfaceOrientationPortraitUpsideDown UIInterfaceOrientationLandscapeLeft UIInterfaceOrientationLandscapeRight";
				INFOPLIST_KEY_UISupportedInterfaceOrientations_iPhone = "UIInterfaceOrientationPortrait UIInterfaceOrientationLandscapeLeft UIInterfaceOrientationLandscapeRight";
				LD_RUNPATH_SEARCH_PATHS = (
					"$(inherited)",
					"@executable_path/Frameworks",
				);
				MARKETING_VERSION = 1.0;
				PRODUCT_BUNDLE_IDENTIFIER = com.spandiyar.kuanysh.Medeasy;
				PRODUCT_NAME = "$(TARGET_NAME)";
				SWIFT_EMIT_LOC_STRINGS = YES;
				SWIFT_VERSION = 5.0;
				TARGETED_DEVICE_FAMILY = "1,2";
			};
			name = Debug;
		};
		DCC4F2A82DCE052200090F84 /* Release */ = {
			isa = XCBuildConfiguration;
			buildSettings = {
				ASSETCATALOG_COMPILER_APPICON_NAME = AppIcon;
				ASSETCATALOG_COMPILER_GLOBAL_ACCENT_COLOR_NAME = AccentColor;
				CODE_SIGN_STYLE = Automatic;
				CURRENT_PROJECT_VERSION = 1;
				DEVELOPMENT_TEAM = 9LV7R5X4KA;
				GENERATE_INFOPLIST_FILE = YES;
				INFOPLIST_FILE = Medeasy/Info.plist;
				INFOPLIST_KEY_UIApplicationSupportsIndirectInputEvents = YES;
				INFOPLIST_KEY_UILaunchStoryboardName = LaunchScreen;
				INFOPLIST_KEY_UIMainStoryboardFile = Main;
				INFOPLIST_KEY_UISupportedInterfaceOrientations_iPad = "UIInterfaceOrientationPortrait UIInterfaceOrientationPortraitUpsideDown UIInterfaceOrientationLandscapeLeft UIInterfaceOrientationLandscapeRight";
				INFOPLIST_KEY_UISupportedInterfaceOrientations_iPhone = "UIInterfaceOrientationPortrait UIInterfaceOrientationLandscapeLeft UIInterfaceOrientationLandscapeRight";
				LD_RUNPATH_SEARCH_PATHS = (
					"$(inherited)",
					"@executable_path/Frameworks",
				);
				MARKETING_VERSION = 1.0;
				PRODUCT_BUNDLE_IDENTIFIER = com.spandiyar.kuanysh.Medeasy;
				PRODUCT_NAME = "$(TARGET_NAME)";
				SWIFT_EMIT_LOC_STRINGS = YES;
				SWIFT_VERSION = 5.0;
				TARGETED_DEVICE_FAMILY = "1,2";
			};
			name = Release;
		};
		DCC4F2A92DCE052200090F84 /* Debug */ = {
			isa = XCBuildConfiguration;
			buildSettings = {
				ALWAYS_SEARCH_USER_PATHS = NO;
				ASSETCATALOG_COMPILER_GENERATE_SWIFT_ASSET_SYMBOL_EXTENSIONS = YES;
				CLANG_ANALYZER_NONNULL = YES;
				CLANG_ANALYZER_NUMBER_OBJECT_CONVERSION = YES_AGGRESSIVE;
				CLANG_CXX_LANGUAGE_STANDARD = "gnu++20";
				CLANG_ENABLE_MODULES = YES;
				CLANG_ENABLE_OBJC_ARC = YES;
				CLANG_ENABLE_OBJC_WEAK = YES;
				CLANG_WARN_BLOCK_CAPTURE_AUTORELEASING = YES;
				CLANG_WARN_BOOL_CONVERSION = YES;
				CLANG_WARN_COMMA = YES;
				CLANG_WARN_CONSTANT_CONVERSION = YES;
				CLANG_WARN_DEPRECATED_OBJC_IMPLEMENTATIONS = YES;
				CLANG_WARN_DIRECT_OBJC_ISA_USAGE = YES_ERROR;
				CLANG_WARN_DOCUMENTATION_COMMENTS = YES;
				CLANG_WARN_EMPTY_BODY = YES;
				CLANG_WARN_ENUM_CONVERSION = YES;
				CLANG_WARN_INFINITE_RECURSION = YES;
				CLANG_WARN_INT_CONVERSION = YES;
				CLANG_WARN_NON_LITERAL_NULL_CONVERSION = YES;
				CLANG_WARN_OBJC_IMPLICIT_RETAIN_SELF = YES;
				CLANG_WARN_OBJC_LITERAL_CONVERSION = YES;
				CLANG_WARN_OBJC_ROOT_CLASS = YES_ERROR;
				CLANG_WARN_QUOTED_INCLUDE_IN_FRAMEWORK_HEADER = YES;
				CLANG_WARN_RANGE_LOOP_ANALYSIS = YES;
				CLANG_WARN_STRICT_PROTOTYPES = YES;
				CLANG_WARN_SUSPICIOUS_MOVE = YES;
				CLANG_WARN_UNGUARDED_AVAILABILITY = YES_AGGRESSIVE;
				CLANG_WARN_UNREACHABLE_CODE = YES;
				CLANG_WARN__DUPLICATE_METHOD_MATCH = YES;
				COPY_PHASE_STRIP = NO;
				DEBUG_INFORMATION_FORMAT = dwarf;
				DEVELOPMENT_TEAM = 9LV7R5X4KA;
				ENABLE_STRICT_OBJC_MSGSEND = YES;
				ENABLE_TESTABILITY = YES;
				ENABLE_USER_SCRIPT_SANDBOXING = YES;
				GCC_C_LANGUAGE_STANDARD = gnu17;
				GCC_DYNAMIC_NO_PIC = NO;
				GCC_NO_COMMON_BLOCKS = YES;
				GCC_OPTIMIZATION_LEVEL = 0;
				GCC_PREPROCESSOR_DEFINITIONS = (
					"DEBUG=1",
					"$(inherited)",
				);
				GCC_WARN_64_TO_32_BIT_CONVERSION = YES;
				GCC_WARN_ABOUT_RETURN_TYPE = YES_ERROR;
				GCC_WARN_UNDECLARED_SELECTOR = YES;
				GCC_WARN_UNINITIALIZED_AUTOS = YES_AGGRESSIVE;
				GCC_WARN_UNUSED_FUNCTION = YES;
				GCC_WARN_UNUSED_VARIABLE = YES;
				IPHONEOS_DEPLOYMENT_TARGET = 18.4;
				LOCALIZATION_PREFERS_STRING_CATALOGS = YES;
				MTL_ENABLE_DEBUG_INFO = INCLUDE_SOURCE;
				MTL_FAST_MATH = YES;
				ONLY_ACTIVE_ARCH = YES;
				SDKROOT = iphoneos;
				SWIFT_ACTIVE_COMPILATION_CONDITIONS = "DEBUG $(inherited)";
				SWIFT_OPTIMIZATION_LEVEL = "-Onone";
			};
			name = Debug;
		};
		DCC4F2AA2DCE052200090F84 /* Release */ = {
			isa = XCBuildConfiguration;
			buildSettings = {
				ALWAYS_SEARCH_USER_PATHS = NO;
				ASSETCATALOG_COMPILER_GENERATE_SWIFT_ASSET_SYMBOL_EXTENSIONS = YES;
				CLANG_ANALYZER_NONNULL = YES;
				CLANG_ANALYZER_NUMBER_OBJECT_CONVERSION = YES_AGGRESSIVE;
				CLANG_CXX_LANGUAGE_STANDARD = "gnu++20";
				CLANG_ENABLE_MODULES = YES;
				CLANG_ENABLE_OBJC_ARC = YES;
				CLANG_ENABLE_OBJC_WEAK = YES;
				CLANG_WARN_BLOCK_CAPTURE_AUTORELEASING = YES;
				CLANG_WARN_BOOL_CONVERSION = YES;
				CLANG_WARN_COMMA = YES;
				CLANG_WARN_CONSTANT_CONVERSION = YES;
				CLANG_WARN_DEPRECATED_OBJC_IMPLEMENTATIONS = YES;
				CLANG_WARN_DIRECT_OBJC_ISA_USAGE = YES_ERROR;
				CLANG_WARN_DOCUMENTATION_COMMENTS = YES;
				CLANG_WARN_EMPTY_BODY = YES;
				CLANG_WARN_ENUM_CONVERSION = YES;
				CLANG_WARN_INFINITE_RECURSION = YES;
				CLANG_WARN_INT_CONVERSION = YES;
				CLANG_WARN_NON_LITERAL_NULL_CONVERSION = YES;
				CLANG_WARN_OBJC_IMPLICIT_RETAIN_SELF = YES;
				CLANG_WARN_OBJC_LITERAL_CONVERSION = YES;
				CLANG_WARN_OBJC_ROOT_CLASS = YES_ERROR;
				CLANG_WARN_QUOTED_INCLUDE_IN_FRAMEWORK_HEADER = YES;
				CLANG_WARN_RANGE_LOOP_ANALYSIS = YES;
				CLANG_WARN_STRICT_PROTOTYPES = YES;
				CLANG_WARN_SUSPICIOUS_MOVE = YES;
				CLANG_WARN_UNGUARDED_AVAILABILITY = YES_AGGRESSIVE;
				CLANG_WARN_UNREACHABLE_CODE = YES;
				CLANG_WARN__DUPLICATE_METHOD_MATCH = YES;
				COPY_PHASE_STRIP = NO;
				DEBUG_INFORMATION_FORMAT = "dwarf-with-dsym";
				DEVELOPMENT_TEAM = 9LV7R5X4KA;
				ENABLE_NS_ASSERTIONS = NO;
				ENABLE_STRICT_OBJC_MSGSEND = YES;
				ENABLE_USER_SCRIPT_SANDBOXING = YES;
				GCC_C_LANGUAGE_STANDARD = gnu17;
				GCC_NO_COMMON_BLOCKS = YES;
				GCC_WARN_64_TO_32_BIT_CONVERSION = YES;
				GCC_WARN_ABOUT_RETURN_TYPE = YES_ERROR;
				GCC_WARN_UNDECLARED_SELECTOR = YES;
				GCC_WARN_UNINITIALIZED_AUTOS = YES_AGGRESSIVE;
				GCC_WARN_UNUSED_FUNCTION = YES;
				GCC_WARN_UNUSED_VARIABLE = YES;
				IPHONEOS_DEPLOYMENT_TARGET = 18.4;
				LOCALIZATION_PREFERS_STRING_CATALOGS = YES;
				MTL_ENABLE_DEBUG_INFO = NO;
				MTL_FAST_MATH = YES;
				SDKROOT = iphoneos;
				SWIFT_COMPILATION_MODE = wholemodule;
				VALIDATE_PRODUCT = YES;
			};
			name = Release;
		};
/* End XCBuildConfiguration section */

/* Begin XCConfigurationList section */
		DCC4F28E2DCE052000090F84 /* Build configuration list for PBXProject "Medeasy" */ = {
			isa = XCConfigurationList;
			buildConfigurations = (
				DCC4F2A92DCE052200090F84 /* Debug */,
				DCC4F2AA2DCE052200090F84 /* Release */,
			);
			defaultConfigurationIsVisible = 0;
			defaultConfigurationName = Release;
		};
		DCC4F2A62DCE052200090F84 /* Build configuration list for PBXNativeTarget "Medeasy" */ = {
			isa = XCConfigurationList;
			buildConfigurations = (
				DCC4F2A72DCE052200090F84 /* Debug */,
				DCC4F2A82DCE052200090F84 /* Release */,
			);
			defaultConfigurationIsVisible = 0;
			defaultConfigurationName = Release;
		};
/* End XCConfigurationList section */

/* Begin XCRemoteSwiftPackageReference section */
		DC6C1DDD2DD288FA005771F2 /* XCRemoteSwiftPackageReference "firebase-ios-sdk" */ = {
			isa = XCRemoteSwiftPackageReference;
			repositoryURL = "https://github.com/firebase/firebase-ios-sdk";
			requirement = {
				kind = upToNextMajorVersion;
				minimumVersion = 11.12.0;
			};
		};
/* End XCRemoteSwiftPackageReference section */

/* Begin XCSwiftPackageProductDependency section */
		DC4AC5F52DD349EB00097450 /* FirebaseAnalyticsOnDeviceConversion */ = {
			isa = XCSwiftPackageProductDependency;
			package = DC6C1DDD2DD288FA005771F2 /* XCRemoteSwiftPackageReference "firebase-ios-sdk" */;
			productName = FirebaseAnalyticsOnDeviceConversion;
		};
		DC4AC5F72DD349EB00097450 /* FirebaseAnalyticsWithoutAdIdSupport */ = {
			isa = XCSwiftPackageProductDependency;
			package = DC6C1DDD2DD288FA005771F2 /* XCRemoteSwiftPackageReference "firebase-ios-sdk" */;
			productName = FirebaseAnalyticsWithoutAdIdSupport;
		};
		DC4AC5F92DD349EB00097450 /* FirebaseAppCheck */ = {
			isa = XCSwiftPackageProductDependency;
			package = DC6C1DDD2DD288FA005771F2 /* XCRemoteSwiftPackageReference "firebase-ios-sdk" */;
			productName = FirebaseAppCheck;
		};
		DC4AC5FB2DD349EB00097450 /* FirebaseAppDistribution-Beta */ = {
			isa = XCSwiftPackageProductDependency;
			package = DC6C1DDD2DD288FA005771F2 /* XCRemoteSwiftPackageReference "firebase-ios-sdk" */;
			productName = "FirebaseAppDistribution-Beta";
		};
		DC4AC5FD2DD349EB00097450 /* FirebaseAuth */ = {
			isa = XCSwiftPackageProductDependency;
			package = DC6C1DDD2DD288FA005771F2 /* XCRemoteSwiftPackageReference "firebase-ios-sdk" */;
			productName = FirebaseAuth;
		};
		DC4AC5FF2DD349EB00097450 /* FirebaseAuthCombine-Community */ = {
			isa = XCSwiftPackageProductDependency;
			package = DC6C1DDD2DD288FA005771F2 /* XCRemoteSwiftPackageReference "firebase-ios-sdk" */;
			productName = "FirebaseAuthCombine-Community";
		};
		DC4AC6012DD349EB00097450 /* FirebaseCore */ = {
			isa = XCSwiftPackageProductDependency;
			package = DC6C1DDD2DD288FA005771F2 /* XCRemoteSwiftPackageReference "firebase-ios-sdk" */;
			productName = FirebaseCore;
		};
		DC4AC6032DD349EB00097450 /* FirebaseCrashlytics */ = {
			isa = XCSwiftPackageProductDependency;
			package = DC6C1DDD2DD288FA005771F2 /* XCRemoteSwiftPackageReference "firebase-ios-sdk" */;
			productName = FirebaseCrashlytics;
		};
		DC4AC6052DD349EB00097450 /* FirebaseDynamicLinks */ = {
			isa = XCSwiftPackageProductDependency;
			package = DC6C1DDD2DD288FA005771F2 /* XCRemoteSwiftPackageReference "firebase-ios-sdk" */;
			productName = FirebaseDynamicLinks;
		};
		DC4AC6072DD349EB00097450 /* FirebaseFirestoreCombine-Community */ = {
			isa = XCSwiftPackageProductDependency;
			package = DC6C1DDD2DD288FA005771F2 /* XCRemoteSwiftPackageReference "firebase-ios-sdk" */;
			productName = "FirebaseFirestoreCombine-Community";
		};
		DC4AC6092DD349EB00097450 /* FirebaseFunctions */ = {
			isa = XCSwiftPackageProductDependency;
			package = DC6C1DDD2DD288FA005771F2 /* XCRemoteSwiftPackageReference "firebase-ios-sdk" */;
			productName = FirebaseFunctions;
		};
		DC4AC60B2DD349EB00097450 /* FirebaseFunctionsCombine-Community */ = {
			isa = XCSwiftPackageProductDependency;
			package = DC6C1DDD2DD288FA005771F2 /* XCRemoteSwiftPackageReference "firebase-ios-sdk" */;
			productName = "FirebaseFunctionsCombine-Community";
		};
		DC4AC60D2DD349EB00097450 /* FirebaseInAppMessaging-Beta */ = {
			isa = XCSwiftPackageProductDependency;
			package = DC6C1DDD2DD288FA005771F2 /* XCRemoteSwiftPackageReference "firebase-ios-sdk" */;
			productName = "FirebaseInAppMessaging-Beta";
		};
		DC4AC60F2DD349EB00097450 /* FirebaseInstallations */ = {
			isa = XCSwiftPackageProductDependency;
			package = DC6C1DDD2DD288FA005771F2 /* XCRemoteSwiftPackageReference "firebase-ios-sdk" */;
			productName = FirebaseInstallations;
		};
		DC4AC6112DD349EB00097450 /* FirebaseMLModelDownloader */ = {
			isa = XCSwiftPackageProductDependency;
			package = DC6C1DDD2DD288FA005771F2 /* XCRemoteSwiftPackageReference "firebase-ios-sdk" */;
			productName = FirebaseMLModelDownloader;
		};
		DC4AC6132DD349EB00097450 /* FirebaseMessaging */ = {
			isa = XCSwiftPackageProductDependency;
			package = DC6C1DDD2DD288FA005771F2 /* XCRemoteSwiftPackageReference "firebase-ios-sdk" */;
			productName = FirebaseMessaging;
		};
		DC4AC6152DD349EB00097450 /* FirebasePerformance */ = {
			isa = XCSwiftPackageProductDependency;
			package = DC6C1DDD2DD288FA005771F2 /* XCRemoteSwiftPackageReference "firebase-ios-sdk" */;
			productName = FirebasePerformance;
		};
		DC4AC6172DD349EB00097450 /* FirebaseRemoteConfig */ = {
			isa = XCSwiftPackageProductDependency;
			package = DC6C1DDD2DD288FA005771F2 /* XCRemoteSwiftPackageReference "firebase-ios-sdk" */;
			productName = FirebaseRemoteConfig;
		};
		DC4AC6192DD349EB00097450 /* FirebaseStorageCombine-Community */ = {
			isa = XCSwiftPackageProductDependency;
			package = DC6C1DDD2DD288FA005771F2 /* XCRemoteSwiftPackageReference "firebase-ios-sdk" */;
			productName = "FirebaseStorageCombine-Community";
		};
		DC4AC61B2DD349EB00097450 /* FirebaseVertexAI */ = {
			isa = XCSwiftPackageProductDependency;
			package = DC6C1DDD2DD288FA005771F2 /* XCRemoteSwiftPackageReference "firebase-ios-sdk" */;
			productName = FirebaseVertexAI;
		};
		DC6C1DDE2DD288FA005771F2 /* FirebaseAnalytics */ = {
			isa = XCSwiftPackageProductDependency;
			package = DC6C1DDD2DD288FA005771F2 /* XCRemoteSwiftPackageReference "firebase-ios-sdk" */;
			productName = FirebaseAnalytics;
		};
		DC6C1DE02DD288FA005771F2 /* FirebaseDatabase */ = {
			isa = XCSwiftPackageProductDependency;
			package = DC6C1DDD2DD288FA005771F2 /* XCRemoteSwiftPackageReference "firebase-ios-sdk" */;
			productName = FirebaseDatabase;
		};
		DC6C1DE22DD288FA005771F2 /* FirebaseFirestore */ = {
			isa = XCSwiftPackageProductDependency;
			package = DC6C1DDD2DD288FA005771F2 /* XCRemoteSwiftPackageReference "firebase-ios-sdk" */;
			productName = FirebaseFirestore;
		};
		DC6C1DE42DD288FA005771F2 /* FirebaseStorage */ = {
			isa = XCSwiftPackageProductDependency;
			package = DC6C1DDD2DD288FA005771F2 /* XCRemoteSwiftPackageReference "firebase-ios-sdk" */;
			productName = FirebaseStorage;
		};
/* End XCSwiftPackageProductDependency section */
	};
	rootObject = DCC4F28B2DCE052000090F84 /* Project object */;
}
